
Microsoft Visual Studio Solution File, Format Version 12.00
# Visual Studio 15
VisualStudioVersion = 15.0.26730.15
MinimumVisualStudioVersion = 10.0.40219.1
Project("{FAE04EC0-301F-11D3-BF4B-00C04F79EFBC}") = "ClaimsAuth", "ClaimsAuth\ClaimsAuth.csproj", "{2F63BAE9-2A4A-4027-9937-C1A63731B17D}"
EndProject
Project("{FAE04EC0-301F-11D3-BF4B-00C04F79EFBC}") = "TestSharePointBrowserAuthWPF", "TestSharePointBrowserAuthWPF\TestSharePointBrowserAuthWPF.csproj", "{DA24F0E5-D3F4-42E5-81BB-3A46E5A70F40}"
EndProject
Global
	GlobalSection(SolutionConfigurationPlatforms) = preSolution
		Debug|Any CPU = Debug|Any CPU
		Debug|Mixed Platforms = Debug|Mixed Platforms
		Debug|x86 = Debug|x86
		Release|Any CPU = Release|Any CPU
		Release|Mixed Platforms = Release|Mixed Platforms
		Release|x86 = Release|x86
	EndGlobalSection
	GlobalSection(ProjectConfigurationPlatforms) = postSolution
		{2F63BAE9-2A4A-4027-9937-C1A63731B17D}.Debug|Any CPU.ActiveCfg = Debug|Any CPU
		{2F63BAE9-2A4A-4027-9937-C1A63731B17D}.Debug|Any CPU.Build.0 = Debug|Any CPU
		{2F63BAE9-2A4A-4027-9937-C1A63731B17D}.Debug|Mixed Platforms.ActiveCfg = Debug|Any CPU
		{2F63BAE9-2A4A-4027-9937-C1A63731B17D}.Debug|Mixed Platforms.Build.0 = Debug|Any CPU
		{2F63BAE9-2A4A-4027-9937-C1A63731B17D}.Debug|x86.ActiveCfg = Debug|Any CPU
		{2F63BAE9-2A4A-4027-9937-C1A63731B17D}.Release|Any CPU.ActiveCfg = Release|Any CPU
		{2F63BAE9-2A4A-4027-9937-C1A63731B17D}.Release|Any CPU.Build.0 = Release|Any CPU
		{2F63BAE9-2A4A-4027-9937-C1A63731B17D}.Release|Mixed Platforms.ActiveCfg = Release|Any CPU
		{2F63BAE9-2A4A-4027-9937-C1A63731B17D}.Release|Mixed Platforms.Build.0 = Release|Any CPU
		{2F63BAE9-2A4A-4027-9937-C1A63731B17D}.Release|x86.ActiveCfg = Release|Any CPU
		{DA24F0E5-D3F4-42E5-81BB-3A46E5A70F40}.Debug|Any CPU.ActiveCfg = Debug|Any CPU
		{DA24F0E5-D3F4-42E5-81BB-3A46E5A70F40}.Debug|Any CPU.Build.0 = Debug|Any CPU
		{DA24F0E5-D3F4-42E5-81BB-3A46E5A70F40}.Debug|Mixed Platforms.ActiveCfg = Debug|Any CPU
		{DA24F0E5-D3F4-42E5-81BB-3A46E5A70F40}.Debug|Mixed Platforms.Build.0 = Debug|Any CPU
		{DA24F0E5-D3F4-42E5-81BB-3A46E5A70F40}.Debug|x86.ActiveCfg = Debug|Any CPU
		{DA24F0E5-D3F4-42E5-81BB-3A46E5A70F40}.Debug|x86.Build.0 = Debug|Any CPU
		{DA24F0E5-D3F4-42E5-81BB-3A46E5A70F40}.Release|Any CPU.ActiveCfg = Release|Any CPU
		{DA24F0E5-D3F4-42E5-81BB-3A46E5A70F40}.Release|Any CPU.Build.0 = Release|Any CPU
		{DA24F0E5-D3F4-42E5-81BB-3A46E5A70F40}.Release|Mixed Platforms.ActiveCfg = Release|Any CPU
		{DA24F0E5-D3F4-42E5-81BB-3A46E5A70F40}.Release|Mixed Platforms.Build.0 = Release|Any CPU
		{DA24F0E5-D3F4-42E5-81BB-3A46E5A70F40}.Release|x86.ActiveCfg = Release|Any CPU
		{DA24F0E5-D3F4-42E5-81BB-3A46E5A70F40}.Release|x86.Build.0 = Release|Any CPU
	EndGlobalSection
	GlobalSection(SolutionProperties) = preSolution
		HideSolutionNode = FALSE
	EndGlobalSection
	GlobalSection(ExtensibilityGlobals) = postSolution
		SolutionGuid = {D1E73285-7F2E-4F51-B009-D9F59D422144}
	EndGlobalSection
EndGlobal
